
Microsoft Visual Studio Solution File, Format Version 12.00
# Visual Studio 15
VisualStudioVersion = 15.0.34729.27
MinimumVisualStudioVersion = 10.0.40219.1
Project("{FAE04EC0-301F-11D3-BF4B-00C04F79EFBC}") = "DevOpsDemo", "DevOpsDemo\DevOpsDemo.csproj", "{AC3FAD61-F887-44CC-A8A7-6740AD7049C9}"
EndProject
Project("{FAE04EC0-301F-11D3-BF4B-00C04F79EFBC}") = "DevOpsDemo.Test", "DevOpsDemo.Test\DevOpsDemo.Test.csproj", "{DE5E1CFC-0D8A-4537-8646-B6F8CDA093A0}"
EndProject
Global
	GlobalSection(SolutionConfigurationPlatforms) = preSolution
		Debug|Any CPU = Debug|Any CPU
		Release|Any CPU = Release|Any CPU
	EndGlobalSection
	GlobalSection(ProjectConfigurationPlatforms) = postSolution
		{AC3FAD61-F887-44CC-A8A7-6740AD7049C9}.Debug|Any CPU.ActiveCfg = Debug|Any CPU
		{AC3FAD61-F887-44CC-A8A7-6740AD7049C9}.Debug|Any CPU.Build.0 = Debug|Any CPU
		{AC3FAD61-F887-44CC-A8A7-6740AD7049C9}.Release|Any CPU.ActiveCfg = Release|Any CPU
		{AC3FAD61-F887-44CC-A8A7-6740AD7049C9}.Release|Any CPU.Build.0 = Release|Any CPU
		{DE5E1CFC-0D8A-4537-8646-B6F8CDA093A0}.Debug|Any CPU.ActiveCfg = Debug|Any CPU
		{DE5E1CFC-0D8A-4537-8646-B6F8CDA093A0}.Debug|Any CPU.Build.0 = Debug|Any CPU
		{DE5E1CFC-0D8A-4537-8646-B6F8CDA093A0}.Release|Any CPU.ActiveCfg = Release|Any CPU
		{DE5E1CFC-0D8A-4537-8646-B6F8CDA093A0}.Release|Any CPU.Build.0 = Release|Any CPU
	EndGlobalSection
	GlobalSection(SolutionProperties) = preSolution
		HideSolutionNode = FALSE
	EndGlobalSection
	GlobalSection(ExtensibilityGlobals) = postSolution
		SolutionGuid = {F033AB58-EDEE-40CF-9473-E8DB76F8C233}
	EndGlobalSection
EndGlobal
